<?xml version="1.0" encoding="utf-8" standalone="yes"?>
<Project ToolsVersion="4.0" xmlns="http://schemas.microsoft.com/developer/msbuild/2003">
  <ItemGroup>
    <Filter Include="source">
      <UniqueIdentifier>{21895B69-DE91-7035-0000-0000CA90681B}</UniqueIdentifier>
    </Filter>
  </ItemGroup>
  <ItemGroup>
    <ClCompile Include="source\main.cpp">
      <Filter>source</Filter>
    </ClCompile>
    <ClCompile Include="source\PluginManager.cpp" />
    <ClCompile Include="source\CameraHook.cpp" />
    <ClCompile Include="source\Display.cpp" />
    <ClCompile Include="source\DisplayTranslator.cpp" />
    <ClCompile Include="source\Node.cpp" />
    <ClCompile Include="source\RenderFrame.cpp" />
    <ClCompile Include="source\RenderOptionsHook.cpp" />
    <ClCompile Include="source\RenderSequence.cpp" />
    <ClCompile Include="source\RenderSettings.cpp" />
    <ClCompile Include="source\SceneParser.cpp" />
    <ClCompile Include="source\Transform.cpp" />
    <ClCompile Include="source\CameraTag.cpp" />
    <ClCompile Include="source\MotionBlurTag.cpp" />
    <ClCompile Include="source\VisibilityTag.cpp" />
    <ClCompile Include="source\VisibilityTagTranslator.cpp" />
    <ClCompile Include="source\DL_Render.cpp" />
    <ClCompile Include="source\BitmapDisplayDriver.cpp" />
  </ItemGroup>
  <ItemGroup>
    <ClInclude Include="source\IDs.h" />
    <ClInclude Include="source\PluginManager.h" />
    <ClInclude Include="source\CameraHook.h" />
    <ClInclude Include="source\DisplayTranslator.h" />
    <ClInclude Include="source\Node.h" />
    <ClInclude Include="source\RenderOptionsHook.h" />
    <ClInclude Include="source\SceneParser.h" />
    <ClInclude Include="source\Transform.h" />
    <ClInclude Include="source\VisibilityTagTranslator.h" />
    <ClInclude Include="source\DL_Render.h" />
    <ClInclude Include="source\BitmapDisplayDriver.h" />
  </ItemGroup>
</Project>